
Microsoft Visual Studio Solution File, Format Version 12.00
# Visual Studio Version 17
VisualStudioVersion = 17.10.35122.118
MinimumVisualStudioVersion = 10.0.40219.1
Project("{FAE04EC0-301F-11D3-BF4B-00C04F79EFBC}") = "CA_LiskovPrinciple", "CA_LiskovPrinciple\CA_LiskovPrinciple.csproj", "{0BB57050-BC86-4BBF-949C-BF6F6E95961D}"
EndProject
Global
	GlobalSection(SolutionConfigurationPlatforms) = preSolution
		Debug|Any CPU = Debug|Any CPU
		Release|Any CPU = Release|Any CPU
	EndGlobalSection
	GlobalSection(ProjectConfigurationPlatforms) = postSolution
		{0BB57050-BC86-4BBF-949C-BF6F6E95961D}.Debug|Any CPU.ActiveCfg = Debug|Any CPU
		{0BB57050-BC86-4BBF-949C-BF6F6E95961D}.Debug|Any CPU.Build.0 = Debug|Any CPU
		{0BB57050-BC86-4BBF-949C-BF6F6E95961D}.Release|Any CPU.ActiveCfg = Release|Any CPU
		{0BB57050-BC86-4BBF-949C-BF6F6E95961D}.Release|Any CPU.Build.0 = Release|Any CPU
	EndGlobalSection
	GlobalSection(SolutionProperties) = preSolution
		HideSolutionNode = FALSE
	EndGlobalSection
	GlobalSection(ExtensibilityGlobals) = postSolution
		SolutionGuid = {698B471C-108C-47DD-92C4-E07E84D7E273}
	EndGlobalSection
EndGlobal
